# This file is autogenerated, do not edit; changes may be undone by the next 'dep ensure'.


[[projects]]
  name = "github.com/johnsudaar/testpkg1"
  packages = ["."]
  revision = "8698b6bc159a877c40a53f69d46699adc7eeea4f"
  version = "1.0.0"

[solve-meta]
  analyzer-name = "dep"
  analyzer-version = 1
  inputs-digest = "7c7452b65135d90128f35eef97d860babf984a26abe2e6980fdfbfe1f67b6514"
  solver-name = "gps-cdcl"
  solver-version = 1
