# This file is autogenerated, do not edit; changes may be undone by the next 'dep ensure'.


[[projects]]
  name = "github.com/johnsudaar/testpkg1"
  packages = ["."]
  revision = "b357c53500d604bb6436dd530d57b287b4704e29"
  version = "0.0.1"

[solve-meta]
  analyzer-name = "dep"
  analyzer-version = 1
  inputs-digest = "119980ab5259dfbb70d46e9ef5934f387ac21d1ffc8f0f5a8c855ccefb52b7d3"
  solver-name = "gps-cdcl"
  solver-version = 1
